
Microsoft Visual Studio Solution File, Format Version 12.00
Project("{FAE04EC0-301F-11D3-BF4B-00C04F79EFBC}") = "HelloWorldScaling", "HelloWorldScaling\HelloWorldScaling.csproj", "{8FFFCB94-4BA4-4B0F-8F4C-125C6A8E1363}"
EndProject
Global
	GlobalSection(SolutionConfigurationPlatforms) = preSolution
		Debug|Any CPU = Debug|Any CPU
		Release|Any CPU = Release|Any CPU
	EndGlobalSection
	GlobalSection(ProjectConfigurationPlatforms) = postSolution
		{8FFFCB94-4BA4-4B0F-8F4C-125C6A8E1363}.Debug|Any CPU.ActiveCfg = Debug|Any CPU
		{8FFFCB94-4BA4-4B0F-8F4C-125C6A8E1363}.Debug|Any CPU.Build.0 = Debug|Any CPU
		{8FFFCB94-4BA4-4B0F-8F4C-125C6A8E1363}.Release|Any CPU.ActiveCfg = Release|Any CPU
		{8FFFCB94-4BA4-4B0F-8F4C-125C6A8E1363}.Release|Any CPU.Build.0 = Release|Any CPU
	EndGlobalSection
EndGlobal
